dependencies:
- name: cloudnative-pg
  repository: https://cloudnative-pg.github.io/charts
  version: 0.28.0
- name: nats
  repository: https://nats-io.github.io/k8s/helm/charts
  version: 2.12.6
- name: replicated
  repository: oci://registry.replicated.com/library
  version: 1.19.1
digest: sha256:dca7584a9b921ef174a2b6fbc8842b25da3b9f5863952bf6e76eb8ac5303e639
generated: "2026-04-16T09:54:39.050472+12:00"
