dependencies:
- name: cloudnative-pg
  repository: https://cloudnative-pg.github.io/charts
  version: 0.28.0
- name: nats
  repository: https://nats-io.github.io/k8s/helm/charts
  version: 2.12.6
- name: replicated
  repository: oci://registry.replicated.com/library
  version: 1.18.2
digest: sha256:fac3dda2f4eb96f3f21a4dc94ad36c33027f9928ea4d7d96f3830f95c02c886f
generated: "2026-04-08T13:49:56.407874+12:00"
