dependencies:
- name: cloudnative-pg
  repository: https://cloudnative-pg.github.io/charts
  version: 0.28.0
- name: nats
  repository: https://nats-io.github.io/k8s/helm/charts
  version: 2.12.6
- name: replicated
  repository: oci://registry.replicated.com/library
  version: 1.19.1
digest: sha256:11955091fba699199ca41c62793bb25acf75f65e297d41a075d965a84b00a4ea
generated: "2026-04-12T13:13:19.614115+12:00"
